
Microsoft Visual Studio Solution File, Format Version 12.00
# Visual Studio Version 17
VisualStudioVersion = 17.3.32929.385
MinimumVisualStudioVersion = 10.0.40219.1
Project("{FAE04EC0-301F-11D3-BF4B-00C04F79EFBC}") = "AWS_S3_Demo", "AWS_S3_Demo\AWS_S3_Demo.csproj", "{5C72E57E-F297-47A1-BB65-816D0418AA47}"
EndProject
Global
	GlobalSection(SolutionConfigurationPlatforms) = preSolution
		Debug|Any CPU = Debug|Any CPU
		Release|Any CPU = Release|Any CPU
	EndGlobalSection
	GlobalSection(ProjectConfigurationPlatforms) = postSolution
		{5C72E57E-F297-47A1-BB65-816D0418AA47}.Debug|Any CPU.ActiveCfg = Debug|Any CPU
		{5C72E57E-F297-47A1-BB65-816D0418AA47}.Debug|Any CPU.Build.0 = Debug|Any CPU
		{5C72E57E-F297-47A1-BB65-816D0418AA47}.Release|Any CPU.ActiveCfg = Release|Any CPU
		{5C72E57E-F297-47A1-BB65-816D0418AA47}.Release|Any CPU.Build.0 = Release|Any CPU
	EndGlobalSection
	GlobalSection(SolutionProperties) = preSolution
		HideSolutionNode = FALSE
	EndGlobalSection
	GlobalSection(ExtensibilityGlobals) = postSolution
		SolutionGuid = {5BD925F2-C4AA-4241-BF0D-B16488552D9F}
	EndGlobalSection
EndGlobal
